
Microsoft Visual Studio Solution File, Format Version 12.00
# Visual Studio Version 17
VisualStudioVersion = 17.7.34202.233
MinimumVisualStudioVersion = 10.0.40219.1
Project("{FAE04EC0-301F-11D3-BF4B-00C04F79EFBC}") = "DaluiApp", "DaluiApp\DaluiApp.csproj", "{6C9909F4-D700-40EC-9E14-3BD7C7FB832D}"
EndProject
Global
	GlobalSection(SolutionConfigurationPlatforms) = preSolution
		Debug|Any CPU = Debug|Any CPU
		Release|Any CPU = Release|Any CPU
	EndGlobalSection
	GlobalSection(ProjectConfigurationPlatforms) = postSolution
		{6C9909F4-D700-40EC-9E14-3BD7C7FB832D}.Debug|Any CPU.ActiveCfg = Debug|Any CPU
		{6C9909F4-D700-40EC-9E14-3BD7C7FB832D}.Debug|Any CPU.Build.0 = Debug|Any CPU
		{6C9909F4-D700-40EC-9E14-3BD7C7FB832D}.Debug|Any CPU.Deploy.0 = Debug|Any CPU
		{6C9909F4-D700-40EC-9E14-3BD7C7FB832D}.Release|Any CPU.ActiveCfg = Release|Any CPU
		{6C9909F4-D700-40EC-9E14-3BD7C7FB832D}.Release|Any CPU.Build.0 = Release|Any CPU
		{6C9909F4-D700-40EC-9E14-3BD7C7FB832D}.Release|Any CPU.Deploy.0 = Release|Any CPU
	EndGlobalSection
	GlobalSection(SolutionProperties) = preSolution
		HideSolutionNode = FALSE
	EndGlobalSection
	GlobalSection(ExtensibilityGlobals) = postSolution
		SolutionGuid = {FB5BBE1D-2204-408F-81AF-BCE5A31DA6DE}
	EndGlobalSection
EndGlobal
